
Microsoft Visual Studio Solution File, Format Version 12.00
# Visual Studio Version 16
VisualStudioVersion = 16.0.31727.386
MinimumVisualStudioVersion = 10.0.40219.1
Project("{FAE04EC0-301F-11D3-BF4B-00C04F79EFBC}") = "AddressBookSystem", "AddressBookSystem.csproj", "{D80BFDA6-33A2-4C0E-81D3-0833E1B1EAE4}"
EndProject
Global
	GlobalSection(SolutionConfigurationPlatforms) = preSolution
		Debug|Any CPU = Debug|Any CPU
		Release|Any CPU = Release|Any CPU
	EndGlobalSection
	GlobalSection(ProjectConfigurationPlatforms) = postSolution
		{D80BFDA6-33A2-4C0E-81D3-0833E1B1EAE4}.Debug|Any CPU.ActiveCfg = Debug|Any CPU
		{D80BFDA6-33A2-4C0E-81D3-0833E1B1EAE4}.Debug|Any CPU.Build.0 = Debug|Any CPU
		{D80BFDA6-33A2-4C0E-81D3-0833E1B1EAE4}.Release|Any CPU.ActiveCfg = Release|Any CPU
		{D80BFDA6-33A2-4C0E-81D3-0833E1B1EAE4}.Release|Any CPU.Build.0 = Release|Any CPU
	EndGlobalSection
	GlobalSection(SolutionProperties) = preSolution
		HideSolutionNode = FALSE
	EndGlobalSection
	GlobalSection(ExtensibilityGlobals) = postSolution
		SolutionGuid = {09BA4C56-73EB-463F-93BD-AC3D7D8A1635}
	EndGlobalSection
EndGlobal
